// !$*UTF8*$!
{
	archiveVersion = 1;
	classes = {
	};
	objectVersion = 50;
	objects = {

/* Begin PBXBuildFile section */
		056E53852332440B00CD122F /* AppDelegate.swift in Sources */ = {isa = PBXBuildFile; fileRef = 056E53842332440B00CD122F /* AppDelegate.swift */; };
		056E53872332440B00CD122F /* TradesViewController.swift in Sources */ = {isa = PBXBuildFile; fileRef = 056E53862332440B00CD122F /* TradesViewController.swift */; };
		056E538A2332440B00CD122F /* Main.storyboard in Resources */ = {isa = PBXBuildFile; fileRef = 056E53882332440B00CD122F /* Main.storyboard */; };
		056E538C2332440D00CD122F /* Assets.xcassets in Resources */ = {isa = PBXBuildFile; fileRef = 056E538B2332440D00CD122F /* Assets.xcassets */; };
		056E538F2332440D00CD122F /* LaunchScreen.storyboard in Resources */ = {isa = PBXBuildFile; fileRef = 056E538D2332440D00CD122F /* LaunchScreen.storyboard */; };
		056E539C23324D3D00CD122F /* APIService.swift in Sources */ = {isa = PBXBuildFile; fileRef = 056E539B23324D3D00CD122F /* APIService.swift */; };
		056E539E23324E0900CD122F /* Transaction.swift in Sources */ = {isa = PBXBuildFile; fileRef = 056E539D23324E0900CD122F /* Transaction.swift */; };
		056E53A023324E6400CD122F /* Rate.swift in Sources */ = {isa = PBXBuildFile; fileRef = 056E539F23324E6400CD122F /* Rate.swift */; };
		056E53A22332556600CD122F /* TradesViewModel.swift in Sources */ = {isa = PBXBuildFile; fileRef = 056E53A12332556600CD122F /* TradesViewModel.swift */; };
		056E53A6233258FD00CD122F /* RxSwift.framework in Frameworks */ = {isa = PBXBuildFile; fileRef = 056E53A4233258FD00CD122F /* RxSwift.framework */; };
		056E53A7233258FD00CD122F /* Alamofire.framework in Frameworks */ = {isa = PBXBuildFile; fileRef = 056E53A5233258FD00CD122F /* Alamofire.framework */; };
		056E53AA2332599700CD122F /* Sale.swift in Sources */ = {isa = PBXBuildFile; fileRef = 056E53A92332599700CD122F /* Sale.swift */; };
		056E53AD23329BD000CD122F /* TextViewExtension.swift in Sources */ = {isa = PBXBuildFile; fileRef = 056E53AC23329BD000CD122F /* TextViewExtension.swift */; };
		056E53B02332A8AC00CD122F /* TransactionCell.swift in Sources */ = {isa = PBXBuildFile; fileRef = 056E53AF2332A8AC00CD122F /* TransactionCell.swift */; };
/* End PBXBuildFile section */

/* Begin PBXFileReference section */
		056E53812332440B00CD122F /* BeMobile.app */ = {isa = PBXFileReference; explicitFileType = wrapper.application; includeInIndex = 0; path = BeMobile.app; sourceTree = BUILT_PRODUCTS_DIR; };
		056E53842332440B00CD122F /* AppDelegate.swift */ = {isa = PBXFileReference; lastKnownFileType = sourcecode.swift; path = AppDelegate.swift; sourceTree = "<group>"; };
		056E53862332440B00CD122F /* TradesViewController.swift */ = {isa = PBXFileReference; lastKnownFileType = sourcecode.swift; path = TradesViewController.swift; sourceTree = "<group>"; };
		056E53892332440B00CD122F /* Base */ = {isa = PBXFileReference; lastKnownFileType = file.storyboard; name = Base; path = Base.lproj/Main.storyboard; sourceTree = "<group>"; };
		056E538B2332440D00CD122F /* Assets.xcassets */ = {isa = PBXFileReference; lastKnownFileType = folder.assetcatalog; path = Assets.xcassets; sourceTree = "<group>"; };
		056E538E2332440D00CD122F /* Base */ = {isa = PBXFileReference; lastKnownFileType = file.storyboard; name = Base; path = Base.lproj/LaunchScreen.storyboard; sourceTree = "<group>"; };
		056E53902332440D00CD122F /* Info.plist */ = {isa = PBXFileReference; lastKnownFileType = text.plist.xml; path = Info.plist; sourceTree = "<group>"; };
		056E539B23324D3D00CD122F /* APIService.swift */ = {isa = PBXFileReference; lastKnownFileType = sourcecode.swift; path = APIService.swift; sourceTree = "<group>"; };
		056E539D23324E0900CD122F /* Transaction.swift */ = {isa = PBXFileReference; lastKnownFileType = sourcecode.swift; path = Transaction.swift; sourceTree = "<group>"; };
		056E539F23324E6400CD122F /* Rate.swift */ = {isa = PBXFileReference; lastKnownFileType = sourcecode.swift; path = Rate.swift; sourceTree = "<group>"; };
		056E53A12332556600CD122F /* TradesViewModel.swift */ = {isa = PBXFileReference; lastKnownFileType = sourcecode.swift; path = TradesViewModel.swift; sourceTree = "<group>"; };
		056E53A4233258FD00CD122F /* RxSwift.framework */ = {isa = PBXFileReference; lastKnownFileType = wrapper.framework; name = RxSwift.framework; path = Carthage/Build/iOS/RxSwift.framework; sourceTree = "<group>"; };
		056E53A5233258FD00CD122F /* Alamofire.framework */ = {isa = PBXFileReference; lastKnownFileType = wrapper.framework; name = Alamofire.framework; path = Carthage/Build/iOS/Alamofire.framework; sourceTree = "<group>"; };
		056E53A92332599700CD122F /* Sale.swift */ = {isa = PBXFileReference; lastKnownFileType = sourcecode.swift; path = Sale.swift; sourceTree = "<group>"; };
		056E53AC23329BD000CD122F /* TextViewExtension.swift */ = {isa = PBXFileReference; lastKnownFileType = sourcecode.swift; path = TextViewExtension.swift; sourceTree = "<group>"; };
		056E53AF2332A8AC00CD122F /* TransactionCell.swift */ = {isa = PBXFileReference; lastKnownFileType = sourcecode.swift; path = TransactionCell.swift; sourceTree = "<group>"; };
/* End PBXFileReference section */

/* Begin PBXFrameworksBuildPhase section */
		056E537E2332440A00CD122F /* Frameworks */ = {
			isa = PBXFrameworksBuildPhase;
			buildActionMask = 2147483647;
			files = (
				056E53A6233258FD00CD122F /* RxSwift.framework in Frameworks */,
				056E53A7233258FD00CD122F /* Alamofire.framework in Frameworks */,
			);
			runOnlyForDeploymentPostprocessing = 0;
		};
/* End PBXFrameworksBuildPhase section */

/* Begin PBXGroup section */
		056E53782332440A00CD122F = {
			isa = PBXGroup;
			children = (
				056E53832332440B00CD122F /* BeMobile */,
				056E53822332440B00CD122F /* Products */,
				056E53A3233258FD00CD122F /* Frameworks */,
			);
			sourceTree = "<group>";
		};
		056E53822332440B00CD122F /* Products */ = {
			isa = PBXGroup;
			children = (
				056E53812332440B00CD122F /* BeMobile.app */,
			);
			name = Products;
			sourceTree = "<group>";
		};
		056E53832332440B00CD122F /* BeMobile */ = {
			isa = PBXGroup;
			children = (
				056E53AB23329BBA00CD122F /* Extensions */,
				056E53902332440D00CD122F /* Info.plist */,
				056E53882332440B00CD122F /* Main.storyboard */,
				056E538D2332440D00CD122F /* LaunchScreen.storyboard */,
				056E539A2332456000CD122F /* Supporting Files */,
				056E53992332454B00CD122F /* Storyboards */,
				056E53982332454300CD122F /* Models */,
				056E53972332453900CD122F /* View Controllers */,
				056E53962332452500CD122F /* Service */,
			);
			path = BeMobile;
			sourceTree = "<group>";
		};
		056E53962332452500CD122F /* Service */ = {
			isa = PBXGroup;
			children = (
				056E539B23324D3D00CD122F /* APIService.swift */,
			);
			path = Service;
			sourceTree = "<group>";
		};
		056E53972332453900CD122F /* View Controllers */ = {
			isa = PBXGroup;
			children = (
				056E53AE2332A89A00CD122F /* Cell */,
				056E53862332440B00CD122F /* TradesViewController.swift */,
				056E53A12332556600CD122F /* TradesViewModel.swift */,
			);
			path = "View Controllers";
			sourceTree = "<group>";
		};
		056E53982332454300CD122F /* Models */ = {
			isa = PBXGroup;
			children = (
				056E539D23324E0900CD122F /* Transaction.swift */,
				056E53A92332599700CD122F /* Sale.swift */,
				056E539F23324E6400CD122F /* Rate.swift */,
			);
			path = Models;
			sourceTree = "<group>";
		};
		056E53992332454B00CD122F /* Storyboards */ = {
			isa = PBXGroup;
			children = (
			);
			path = Storyboards;
			sourceTree = "<group>";
		};
		056E539A2332456000CD122F /* Supporting Files */ = {
			isa = PBXGroup;
			children = (
				056E53842332440B00CD122F /* AppDelegate.swift */,
				056E538B2332440D00CD122F /* Assets.xcassets */,
			);
			path = "Supporting Files";
			sourceTree = "<group>";
		};
		056E53A3233258FD00CD122F /* Frameworks */ = {
			isa = PBXGroup;
			children = (
				056E53A5233258FD00CD122F /* Alamofire.framework */,
				056E53A4233258FD00CD122F /* RxSwift.framework */,
			);
			name = Frameworks;
			sourceTree = "<group>";
		};
		056E53AB23329BBA00CD122F /* Extensions */ = {
			isa = PBXGroup;
			children = (
				056E53AC23329BD000CD122F /* TextViewExtension.swift */,
			);
			path = Extensions;
			sourceTree = "<group>";
		};
		056E53AE2332A89A00CD122F /* Cell */ = {
			isa = PBXGroup;
			children = (
				056E53AF2332A8AC00CD122F /* TransactionCell.swift */,
			);
			path = Cell;
			sourceTree = "<group>";
		};
/* End PBXGroup section */

/* Begin PBXNativeTarget section */
		056E53802332440A00CD122F /* BeMobile */ = {
			isa = PBXNativeTarget;
			buildConfigurationList = 056E53932332440D00CD122F /* Build configuration list for PBXNativeTarget "BeMobile" */;
			buildPhases = (
				056E537D2332440A00CD122F /* Sources */,
				056E537E2332440A00CD122F /* Frameworks */,
				056E537F2332440A00CD122F /* Resources */,
				056E53A82332592500CD122F /* ShellScript */,
			);
			buildRules = (
			);
			dependencies = (
			);
			name = BeMobile;
			productName = BeMobile;
			productReference = 056E53812332440B00CD122F /* BeMobile.app */;
			productType = "com.apple.product-type.application";
		};
/* End PBXNativeTarget section */

/* Begin PBXProject section */
		056E53792332440A00CD122F /* Project object */ = {
			isa = PBXProject;
			attributes = {
				LastSwiftUpdateCheck = 1000;
				LastUpgradeCheck = 1000;
				ORGANIZATIONNAME = "Carlota Prat";
				TargetAttributes = {
					056E53802332440A00CD122F = {
						CreatedOnToolsVersion = 10.0;
					};
				};
			};
			buildConfigurationList = 056E537C2332440A00CD122F /* Build configuration list for PBXProject "BeMobile" */;
			compatibilityVersion = "Xcode 9.3";
			developmentRegion = en;
			hasScannedForEncodings = 0;
			knownRegions = (
				en,
				Base,
			);
			mainGroup = 056E53782332440A00CD122F;
			productRefGroup = 056E53822332440B00CD122F /* Products */;
			projectDirPath = "";
			projectRoot = "";
			targets = (
				056E53802332440A00CD122F /* BeMobile */,
			);
		};
/* End PBXProject section */

/* Begin PBXResourcesBuildPhase section */
		056E537F2332440A00CD122F /* Resources */ = {
			isa = PBXResourcesBuildPhase;
			buildActionMask = 2147483647;
			files = (
				056E538F2332440D00CD122F /* LaunchScreen.storyboard in Resources */,
				056E538C2332440D00CD122F /* Assets.xcassets in Resources */,
				056E538A2332440B00CD122F /* Main.storyboard in Resources */,
			);
			runOnlyForDeploymentPostprocessing = 0;
		};
/* End PBXResourcesBuildPhase section */

/* Begin PBXShellScriptBuildPhase section */
		056E53A82332592500CD122F /* ShellScript */ = {
			isa = PBXShellScriptBuildPhase;
			buildActionMask = 2147483647;
			files = (
			);
			inputFileListPaths = (
			);
			inputPaths = (
				"$(SRCROOT)/Carthage/Build/iOS/Alamofire.framework",
				"$(SRCROOT)/Carthage/Build/iOS/RxSwift.framework",
			);
			outputFileListPaths = (
			);
			outputPaths = (
			);
			runOnlyForDeploymentPostprocessing = 0;
			shellPath = /bin/sh;
			shellScript = "/usr/local/bin/carthage copy-frameworks\n";
		};
/* End PBXShellScriptBuildPhase section */

/* Begin PBXSourcesBuildPhase section */
		056E537D2332440A00CD122F /* Sources */ = {
			isa = PBXSourcesBuildPhase;
			buildActionMask = 2147483647;
			files = (
				056E53872332440B00CD122F /* TradesViewController.swift in Sources */,
				056E539C23324D3D00CD122F /* APIService.swift in Sources */,
				056E539E23324E0900CD122F /* Transaction.swift in Sources */,
				056E53A023324E6400CD122F /* Rate.swift in Sources */,
				056E53AA2332599700CD122F /* Sale.swift in Sources */,
				056E53B02332A8AC00CD122F /* TransactionCell.swift in Sources */,
				056E53852332440B00CD122F /* AppDelegate.swift in Sources */,
				056E53A22332556600CD122F /* TradesViewModel.swift in Sources */,
				056E53AD23329BD000CD122F /* TextViewExtension.swift in Sources */,
			);
			runOnlyForDeploymentPostprocessing = 0;
		};
/* End PBXSourcesBuildPhase section */

/* Begin PBXVariantGroup section */
		056E53882332440B00CD122F /* Main.storyboard */ = {
			isa = PBXVariantGroup;
			children = (
				056E53892332440B00CD122F /* Base */,
			);
			name = Main.storyboard;
			sourceTree = "<group>";
		};
		056E538D2332440D00CD122F /* LaunchScreen.storyboard */ = {
			isa = PBXVariantGroup;
			children = (
				056E538E2332440D00CD122F /* Base */,
			);
			name = LaunchScreen.storyboard;
			sourceTree = "<group>";
		};
/* End PBXVariantGroup section */

/* Begin XCBuildConfiguration section */
		056E53912332440D00CD122F /* Debug */ = {
			isa = XCBuildConfiguration;
			buildSettings = {
				ALWAYS_SEARCH_USER_PATHS = NO;
				CLANG_ANALYZER_NONNULL = YES;
				CLANG_ANALYZER_NUMBER_OBJECT_CONVERSION = YES_AGGRESSIVE;
				CLANG_CXX_LANGUAGE_STANDARD = "gnu++14";
				CLANG_CXX_LIBRARY = "libc++";
				CLANG_ENABLE_MODULES = YES;
				CLANG_ENABLE_OBJC_ARC = YES;
				CLANG_ENABLE_OBJC_WEAK = YES;
				CLANG_WARN_BLOCK_CAPTURE_AUTORELEASING = YES;
				CLANG_WARN_BOOL_CONVERSION = YES;
				CLANG_WARN_COMMA = YES;
				CLANG_WARN_CONSTANT_CONVERSION = YES;
				CLANG_WARN_DEPRECATED_OBJC_IMPLEMENTATIONS = YES;
				CLANG_WARN_DIRECT_OBJC_ISA_USAGE = YES_ERROR;
				CLANG_WARN_DOCUMENTATION_COMMENTS = YES;
				CLANG_WARN_EMPTY_BODY = YES;
				CLANG_WARN_ENUM_CONVERSION = YES;
				CLANG_WARN_INFINITE_RECURSION = YES;
				CLANG_WARN_INT_CONVERSION = YES;
				CLANG_WARN_NON_LITERAL_NULL_CONVERSION = YES;
				CLANG_WARN_OBJC_IMPLICIT_RETAIN_SELF = YES;
				CLANG_WARN_OBJC_LITERAL_CONVERSION = YES;
				CLANG_WARN_OBJC_ROOT_CLASS = YES_ERROR;
				CLANG_WARN_RANGE_LOOP_ANALYSIS = YES;
				CLANG_WARN_STRICT_PROTOTYPES = YES;
				CLANG_WARN_SUSPICIOUS_MOVE = YES;
				CLANG_WARN_UNGUARDED_AVAILABILITY = YES_AGGRESSIVE;
				CLANG_WARN_UNREACHABLE_CODE = YES;
				CLANG_WARN__DUPLICATE_METHOD_MATCH = YES;
				CODE_SIGN_IDENTITY = "iPhone Developer";
				COPY_PHASE_STRIP = NO;
				DEBUG_INFORMATION_FORMAT = dwarf;
				ENABLE_STRICT_OBJC_MSGSEND = YES;
				ENABLE_TESTABILITY = YES;
				GCC_C_LANGUAGE_STANDARD = gnu11;
				GCC_DYNAMIC_NO_PIC = NO;
				GCC_NO_COMMON_BLOCKS = YES;
				GCC_OPTIMIZATION_LEVEL = 0;
				GCC_PREPROCESSOR_DEFINITIONS = (
					"DEBUG=1",
					"$(inherited)",
				);
				GCC_WARN_64_TO_32_BIT_CONVERSION = YES;
				GCC_WARN_ABOUT_RETURN_TYPE = YES_ERROR;
				GCC_WARN_UNDECLARED_SELECTOR = YES;
				GCC_WARN_UNINITIALIZED_AUTOS = YES_AGGRESSIVE;
				GCC_WARN_UNUSED_FUNCTION = YES;
				GCC_WARN_UNUSED_VARIABLE = YES;
				IPHONEOS_DEPLOYMENT_TARGET = 12.0;
				MTL_ENABLE_DEBUG_INFO = INCLUDE_SOURCE;
				MTL_FAST_MATH = YES;
				ONLY_ACTIVE_ARCH = YES;
				SDKROOT = iphoneos;
				SWIFT_ACTIVE_COMPILATION_CONDITIONS = DEBUG;
				SWIFT_OPTIMIZATION_LEVEL = "-Onone";
			};
			name = Debug;
		};
		056E53922332440D00CD122F /* Release */ = {
			isa = XCBuildConfiguration;
			buildSettings = {
				ALWAYS_SEARCH_USER_PATHS = NO;
				CLANG_ANALYZER_NONNULL = YES;
				CLANG_ANALYZER_NUMBER_OBJECT_CONVERSION = YES_AGGRESSIVE;
				CLANG_CXX_LANGUAGE_STANDARD = "gnu++14";
				CLANG_CXX_LIBRARY = "libc++";
				CLANG_ENABLE_MODULES = YES;
				CLANG_ENABLE_OBJC_ARC = YES;
				CLANG_ENABLE_OBJC_WEAK = YES;
				CLANG_WARN_BLOCK_CAPTURE_AUTORELEASING = YES;
				CLANG_WARN_BOOL_CONVERSION = YES;
				CLANG_WARN_COMMA = YES;
				CLANG_WARN_CONSTANT_CONVERSION = YES;
				CLANG_WARN_DEPRECATED_OBJC_IMPLEMENTATIONS = YES;
				CLANG_WARN_DIRECT_OBJC_ISA_USAGE = YES_ERROR;
				CLANG_WARN_DOCUMENTATION_COMMENTS = YES;
				CLANG_WARN_EMPTY_BODY = YES;
				CLANG_WARN_ENUM_CONVERSION = YES;
				CLANG_WARN_INFINITE_RECURSION = YES;
				CLANG_WARN_INT_CONVERSION = YES;
				CLANG_WARN_NON_LITERAL_NULL_CONVERSION = YES;
				CLANG_WARN_OBJC_IMPLICIT_RETAIN_SELF = YES;
				CLANG_WARN_OBJC_LITERAL_CONVERSION = YES;
				CLANG_WARN_OBJC_ROOT_CLASS = YES_ERROR;
				CLANG_WARN_RANGE_LOOP_ANALYSIS = YES;
				CLANG_WARN_STRICT_PROTOTYPES = YES;
				CLANG_WARN_SUSPICIOUS_MOVE = YES;
				CLANG_WARN_UNGUARDED_AVAILABILITY = YES_AGGRESSIVE;
				CLANG_WARN_UNREACHABLE_CODE = YES;
				CLANG_WARN__DUPLICATE_METHOD_MATCH = YES;
				CODE_SIGN_IDENTITY = "iPhone Developer";
				COPY_PHASE_STRIP = NO;
				DEBUG_INFORMATION_FORMAT = "dwarf-with-dsym";
				ENABLE_NS_ASSERTIONS = NO;
				ENABLE_STRICT_OBJC_MSGSEND = YES;
				GCC_C_LANGUAGE_STANDARD = gnu11;
				GCC_NO_COMMON_BLOCKS = YES;
				GCC_WARN_64_TO_32_BIT_CONVERSION = YES;
				GCC_WARN_ABOUT_RETURN_TYPE = YES_ERROR;
				GCC_WARN_UNDECLARED_SELECTOR = YES;
				GCC_WARN_UNINITIALIZED_AUTOS = YES_AGGRESSIVE;
				GCC_WARN_UNUSED_FUNCTION = YES;
				GCC_WARN_UNUSED_VARIABLE = YES;
				IPHONEOS_DEPLOYMENT_TARGET = 12.0;
				MTL_ENABLE_DEBUG_INFO = NO;
				MTL_FAST_MATH = YES;
				SDKROOT = iphoneos;
				SWIFT_COMPILATION_MODE = wholemodule;
				SWIFT_OPTIMIZATION_LEVEL = "-O";
				VALIDATE_PRODUCT = YES;
			};
			name = Release;
		};
		056E53942332440D00CD122F /* Debug */ = {
			isa = XCBuildConfiguration;
			buildSettings = {
				ASSETCATALOG_COMPILER_APPICON_NAME = AppIcon;
				CODE_SIGN_STYLE = Automatic;
				DEVELOPMENT_TEAM = QA3TFFQB92;
				FRAMEWORK_SEARCH_PATHS = (
					"$(inherited)",
					"$(PROJECT_DIR)/Carthage/Build/iOS",
				);
				INFOPLIST_FILE = BeMobile/Info.plist;
				LD_RUNPATH_SEARCH_PATHS = (
					"$(inherited)",
					"@executable_path/Frameworks",
				);
				PRODUCT_BUNDLE_IDENTIFIER = carlo.BeMobile;
				PRODUCT_NAME = "$(TARGET_NAME)";
				SWIFT_VERSION = 4.2;
				TARGETED_DEVICE_FAMILY = "1,2";
			};
			name = Debug;
		};
		056E53952332440D00CD122F /* Release */ = {
			isa = XCBuildConfiguration;
			buildSettings = {
				ASSETCATALOG_COMPILER_APPICON_NAME = AppIcon;
				CODE_SIGN_STYLE = Automatic;
				DEVELOPMENT_TEAM = QA3TFFQB92;
				FRAMEWORK_SEARCH_PATHS = (
					"$(inherited)",
					"$(PROJECT_DIR)/Carthage/Build/iOS",
				);
				INFOPLIST_FILE = BeMobile/Info.plist;
				LD_RUNPATH_SEARCH_PATHS = (
					"$(inherited)",
					"@executable_path/Frameworks",
				);
				PRODUCT_BUNDLE_IDENTIFIER = carlo.BeMobile;
				PRODUCT_NAME = "$(TARGET_NAME)";
				SWIFT_VERSION = 4.2;
				TARGETED_DEVICE_FAMILY = "1,2";
			};
			name = Release;
		};
/* End XCBuildConfiguration section */

/* Begin XCConfigurationList section */
		056E537C2332440A00CD122F /* Build configuration list for PBXProject "BeMobile" */ = {
			isa = XCConfigurationList;
			buildConfigurations = (
				056E53912332440D00CD122F /* Debug */,
				056E53922332440D00CD122F /* Release */,
			);
			defaultConfigurationIsVisible = 0;
			defaultConfigurationName = Release;
		};
		056E53932332440D00CD122F /* Build configuration list for PBXNativeTarget "BeMobile" */ = {
			isa = XCConfigurationList;
			buildConfigurations = (
				056E53942332440D00CD122F /* Debug */,
				056E53952332440D00CD122F /* Release */,
			);
			defaultConfigurationIsVisible = 0;
			defaultConfigurationName = Release;
		};
/* End XCConfigurationList section */
	};
	rootObject = 056E53792332440A00CD122F /* Project object */;
}
